
Microsoft Visual Studio Solution File, Format Version 12.00
# Visual Studio Version 17
VisualStudioVersion = 17.3.32804.467
MinimumVisualStudioVersion = 10.0.40219.1
Project("{FAE04EC0-301F-11D3-BF4B-00C04F79EFBC}") = "Example", "Example\Example.csproj", "{706708B0-946F-4595-B001-D26ADA7E524A}"
EndProject
Project("{FAE04EC0-301F-11D3-BF4B-00C04F79EFBC}") = "Runtime", "Runtime\Runtime.csproj", "{2ED09694-5569-4CFC-9B9F-325CD29BCE6A}"
EndProject
Global
	GlobalSection(SolutionConfigurationPlatforms) = preSolution
		Debug|Any CPU = Debug|Any CPU
		Release|Any CPU = Release|Any CPU
	EndGlobalSection
	GlobalSection(ProjectConfigurationPlatforms) = postSolution
		{706708B0-946F-4595-B001-D26ADA7E524A}.Debug|Any CPU.ActiveCfg = Debug|Any CPU
		{706708B0-946F-4595-B001-D26ADA7E524A}.Debug|Any CPU.Build.0 = Debug|Any CPU
		{706708B0-946F-4595-B001-D26ADA7E524A}.Release|Any CPU.ActiveCfg = Release|Any CPU
		{706708B0-946F-4595-B001-D26ADA7E524A}.Release|Any CPU.Build.0 = Release|Any CPU
		{2ED09694-5569-4CFC-9B9F-325CD29BCE6A}.Debug|Any CPU.ActiveCfg = Debug|Any CPU
		{2ED09694-5569-4CFC-9B9F-325CD29BCE6A}.Debug|Any CPU.Build.0 = Debug|Any CPU
		{2ED09694-5569-4CFC-9B9F-325CD29BCE6A}.Release|Any CPU.ActiveCfg = Release|Any CPU
		{2ED09694-5569-4CFC-9B9F-325CD29BCE6A}.Release|Any CPU.Build.0 = Release|Any CPU
	EndGlobalSection
	GlobalSection(SolutionProperties) = preSolution
		HideSolutionNode = FALSE
	EndGlobalSection
	GlobalSection(ExtensibilityGlobals) = postSolution
		SolutionGuid = {B3509E58-30D0-48EB-8440-6CBEC6079C7C}
	EndGlobalSection
EndGlobal
